
Microsoft Visual Studio Solution File, Format Version 12.00
# Visual Studio Version 17
VisualStudioVersion = 17.7.34221.43
MinimumVisualStudioVersion = 10.0.40219.1
Project("{9A19103F-16F7-4668-BE54-9A1E7A4F7556}") = "DATA", "DATA\DATA.csproj", "{1049757E-23DA-47C4-88AE-8B612C1310C2}"
EndProject
Project("{9A19103F-16F7-4668-BE54-9A1E7A4F7556}") = "REPO", "REPO\REPO.csproj", "{62846804-F543-48E2-B6E5-A0FB6B645B3E}"
EndProject
Project("{9A19103F-16F7-4668-BE54-9A1E7A4F7556}") = "SERVICE", "SERVICE\SERVICE.csproj", "{05342C24-DDA0-4615-B434-2ED51CD49F33}"
EndProject
Project("{FAE04EC0-301F-11D3-BF4B-00C04F79EFBC}") = "BlogUI", "BlogUI\BlogUI.csproj", "{7292E718-7847-4650-B09B-C1308A2DA3B1}"
EndProject
Global
	GlobalSection(SolutionConfigurationPlatforms) = preSolution
		Debug|Any CPU = Debug|Any CPU
		Release|Any CPU = Release|Any CPU
	EndGlobalSection
	GlobalSection(ProjectConfigurationPlatforms) = postSolution
		{1049757E-23DA-47C4-88AE-8B612C1310C2}.Debug|Any CPU.ActiveCfg = Debug|Any CPU
		{1049757E-23DA-47C4-88AE-8B612C1310C2}.Debug|Any CPU.Build.0 = Debug|Any CPU
		{1049757E-23DA-47C4-88AE-8B612C1310C2}.Release|Any CPU.ActiveCfg = Release|Any CPU
		{1049757E-23DA-47C4-88AE-8B612C1310C2}.Release|Any CPU.Build.0 = Release|Any CPU
		{62846804-F543-48E2-B6E5-A0FB6B645B3E}.Debug|Any CPU.ActiveCfg = Debug|Any CPU
		{62846804-F543-48E2-B6E5-A0FB6B645B3E}.Debug|Any CPU.Build.0 = Debug|Any CPU
		{62846804-F543-48E2-B6E5-A0FB6B645B3E}.Release|Any CPU.ActiveCfg = Release|Any CPU
		{62846804-F543-48E2-B6E5-A0FB6B645B3E}.Release|Any CPU.Build.0 = Release|Any CPU
		{05342C24-DDA0-4615-B434-2ED51CD49F33}.Debug|Any CPU.ActiveCfg = Debug|Any CPU
		{05342C24-DDA0-4615-B434-2ED51CD49F33}.Debug|Any CPU.Build.0 = Debug|Any CPU
		{05342C24-DDA0-4615-B434-2ED51CD49F33}.Release|Any CPU.ActiveCfg = Release|Any CPU
		{05342C24-DDA0-4615-B434-2ED51CD49F33}.Release|Any CPU.Build.0 = Release|Any CPU
		{7292E718-7847-4650-B09B-C1308A2DA3B1}.Debug|Any CPU.ActiveCfg = Debug|Any CPU
		{7292E718-7847-4650-B09B-C1308A2DA3B1}.Debug|Any CPU.Build.0 = Debug|Any CPU
		{7292E718-7847-4650-B09B-C1308A2DA3B1}.Release|Any CPU.ActiveCfg = Release|Any CPU
		{7292E718-7847-4650-B09B-C1308A2DA3B1}.Release|Any CPU.Build.0 = Release|Any CPU
	EndGlobalSection
	GlobalSection(SolutionProperties) = preSolution
		HideSolutionNode = FALSE
	EndGlobalSection
	GlobalSection(ExtensibilityGlobals) = postSolution
		SolutionGuid = {8D3C11C7-7FFB-4959-85D3-6C7985FB3540}
	EndGlobalSection
EndGlobal
